// !$*UTF8*$!
{
	archiveVersion = 1;
	classes = {
	};
	objectVersion = 55;
	objects = {

/* Begin PBXBuildFile section */
		F892A1AA289BF03D00C6AEC0 /* testApp.swift in Sources */ = {isa = PBXBuildFile; fileRef = F892A1A9289BF03D00C6AEC0 /* testApp.swift */; };
		F892A1AC289BF03D00C6AEC0 /* ContentView.swift in Sources */ = {isa = PBXBuildFile; fileRef = F892A1AB289BF03D00C6AEC0 /* ContentView.swift */; };
		F892A1AE289BF03E00C6AEC0 /* Assets.xcassets in Resources */ = {isa = PBXBuildFile; fileRef = F892A1AD289BF03E00C6AEC0 /* Assets.xcassets */; };
		F892A1B1289BF03E00C6AEC0 /* Preview Assets.xcassets in Resources */ = {isa = PBXBuildFile; fileRef = F892A1B0289BF03E00C6AEC0 /* Preview Assets.xcassets */; };
		F892A1BB289BF03E00C6AEC0 /* testTests.swift in Sources */ = {isa = PBXBuildFile; fileRef = F892A1BA289BF03E00C6AEC0 /* testTests.swift */; };
		F892A1C5289BF03E00C6AEC0 /* testUITests.swift in Sources */ = {isa = PBXBuildFile; fileRef = F892A1C4289BF03E00C6AEC0 /* testUITests.swift */; };
		F892A1C7289BF03E00C6AEC0 /* testUITestsLaunchTests.swift in Sources */ = {isa = PBXBuildFile; fileRef = F892A1C6289BF03E00C6AEC0 /* testUITestsLaunchTests.swift */; };
/* End PBXBuildFile section */

/* Begin PBXContainerItemProxy section */
		F892A1B7289BF03E00C6AEC0 /* PBXContainerItemProxy */ = {
			isa = PBXContainerItemProxy;
			containerPortal = F892A19E289BF03D00C6AEC0 /* Project object */;
			proxyType = 1;
			remoteGlobalIDString = F892A1A5289BF03D00C6AEC0;
			remoteInfo = test;
		};
		F892A1C1289BF03E00C6AEC0 /* PBXContainerItemProxy */ = {
			isa = PBXContainerItemProxy;
			containerPortal = F892A19E289BF03D00C6AEC0 /* Project object */;
			proxyType = 1;
			remoteGlobalIDString = F892A1A5289BF03D00C6AEC0;
			remoteInfo = test;
		};
/* End PBXContainerItemProxy section */

/* Begin PBXFileReference section */
		F892A1A6289BF03D00C6AEC0 /* test.app */ = {isa = PBXFileReference; explicitFileType = wrapper.application; includeInIndex = 0; path = test.app; sourceTree = BUILT_PRODUCTS_DIR; };
		F892A1A9289BF03D00C6AEC0 /* testApp.swift */ = {isa = PBXFileReference; lastKnownFileType = sourcecode.swift; path = testApp.swift; sourceTree = "<group>"; };
		F892A1AB289BF03D00C6AEC0 /* ContentView.swift */ = {isa = PBXFileReference; lastKnownFileType = sourcecode.swift; path = ContentView.swift; sourceTree = "<group>"; };
		F892A1AD289BF03E00C6AEC0 /* Assets.xcassets */ = {isa = PBXFileReference; lastKnownFileType = folder.assetcatalog; path = Assets.xcassets; sourceTree = "<group>"; };
		F892A1B0289BF03E00C6AEC0 /* Preview Assets.xcassets */ = {isa = PBXFileReference; lastKnownFileType = folder.assetcatalog; path = "Preview Assets.xcassets"; sourceTree = "<group>"; };
		F892A1B6289BF03E00C6AEC0 /* testTests.xctest */ = {isa = PBXFileReference; explicitFileType = wrapper.cfbundle; includeInIndex = 0; path = testTests.xctest; sourceTree = BUILT_PRODUCTS_DIR; };
		F892A1BA289BF03E00C6AEC0 /* testTests.swift */ = {isa = PBXFileReference; lastKnownFileType = sourcecode.swift; path = testTests.swift; sourceTree = "<group>"; };
		F892A1C0289BF03E00C6AEC0 /* testUITests.xctest */ = {isa = PBXFileReference; explicitFileType = wrapper.cfbundle; includeInIndex = 0; path = testUITests.xctest; sourceTree = BUILT_PRODUCTS_DIR; };
		F892A1C4289BF03E00C6AEC0 /* testUITests.swift */ = {isa = PBXFileReference; lastKnownFileType = sourcecode.swift; path = testUITests.swift; sourceTree = "<group>"; };
		F892A1C6289BF03E00C6AEC0 /* testUITestsLaunchTests.swift */ = {isa = PBXFileReference; lastKnownFileType = sourcecode.swift; path = testUITestsLaunchTests.swift; sourceTree = "<group>"; };
/* End PBXFileReference section */

/* Begin PBXFrameworksBuildPhase section */
		F892A1A3289BF03D00C6AEC0 /* Frameworks */ = {
			isa = PBXFrameworksBuildPhase;
			buildActionMask = 2147483647;
			files = (
			);
			runOnlyForDeploymentPostprocessing = 0;
		};
		F892A1B3289BF03E00C6AEC0 /* Frameworks */ = {
			isa = PBXFrameworksBuildPhase;
			buildActionMask = 2147483647;
			files = (
			);
			runOnlyForDeploymentPostprocessing = 0;
		};
		F892A1BD289BF03E00C6AEC0 /* Frameworks */ = {
			isa = PBXFrameworksBuildPhase;
			buildActionMask = 2147483647;
			files = (
			);
			runOnlyForDeploymentPostprocessing = 0;
		};
/* End PBXFrameworksBuildPhase section */

/* Begin PBXGroup section */
		F892A19D289BF03D00C6AEC0 = {
			isa = PBXGroup;
			children = (
				F892A1A8289BF03D00C6AEC0 /* test */,
				F892A1B9289BF03E00C6AEC0 /* testTests */,
				F892A1C3289BF03E00C6AEC0 /* testUITests */,
				F892A1A7289BF03D00C6AEC0 /* Products */,
			);
			sourceTree = "<group>";
		};
		F892A1A7289BF03D00C6AEC0 /* Products */ = {
			isa = PBXGroup;
			children = (
				F892A1A6289BF03D00C6AEC0 /* test.app */,
				F892A1B6289BF03E00C6AEC0 /* testTests.xctest */,
				F892A1C0289BF03E00C6AEC0 /* testUITests.xctest */,
			);
			name = Products;
			sourceTree = "<group>";
		};
		F892A1A8289BF03D00C6AEC0 /* test */ = {
			isa = PBXGroup;
			children = (
				F892A1A9289BF03D00C6AEC0 /* testApp.swift */,
				F892A1AB289BF03D00C6AEC0 /* ContentView.swift */,
				F892A1AD289BF03E00C6AEC0 /* Assets.xcassets */,
				F892A1AF289BF03E00C6AEC0 /* Preview Content */,
			);
			path = test;
			sourceTree = "<group>";
		};
		F892A1AF289BF03E00C6AEC0 /* Preview Content */ = {
			isa = PBXGroup;
			children = (
				F892A1B0289BF03E00C6AEC0 /* Preview Assets.xcassets */,
			);
			path = "Preview Content";
			sourceTree = "<group>";
		};
		F892A1B9289BF03E00C6AEC0 /* testTests */ = {
			isa = PBXGroup;
			children = (
				F892A1BA289BF03E00C6AEC0 /* testTests.swift */,
			);
			path = testTests;
			sourceTree = "<group>";
		};
		F892A1C3289BF03E00C6AEC0 /* testUITests */ = {
			isa = PBXGroup;
			children = (
				F892A1C4289BF03E00C6AEC0 /* testUITests.swift */,
				F892A1C6289BF03E00C6AEC0 /* testUITestsLaunchTests.swift */,
			);
			path = testUITests;
			sourceTree = "<group>";
		};
/* End PBXGroup section */

/* Begin PBXNativeTarget section */
		F892A1A5289BF03D00C6AEC0 /* test */ = {
			isa = PBXNativeTarget;
			buildConfigurationList = F892A1CA289BF03E00C6AEC0 /* Build configuration list for PBXNativeTarget "test" */;
			buildPhases = (
				F892A1A2289BF03D00C6AEC0 /* Sources */,
				F892A1A3289BF03D00C6AEC0 /* Frameworks */,
				F892A1A4289BF03D00C6AEC0 /* Resources */,
			);
			buildRules = (
			);
			dependencies = (
			);
			name = test;
			productName = test;
			productReference = F892A1A6289BF03D00C6AEC0 /* test.app */;
			productType = "com.apple.product-type.application";
		};
		F892A1B5289BF03E00C6AEC0 /* testTests */ = {
			isa = PBXNativeTarget;
			buildConfigurationList = F892A1CD289BF03E00C6AEC0 /* Build configuration list for PBXNativeTarget "testTests" */;
			buildPhases = (
				F892A1B2289BF03E00C6AEC0 /* Sources */,
				F892A1B3289BF03E00C6AEC0 /* Frameworks */,
				F892A1B4289BF03E00C6AEC0 /* Resources */,
			);
			buildRules = (
			);
			dependencies = (
				F892A1B8289BF03E00C6AEC0 /* PBXTargetDependency */,
			);
			name = testTests;
			productName = testTests;
			productReference = F892A1B6289BF03E00C6AEC0 /* testTests.xctest */;
			productType = "com.apple.product-type.bundle.unit-test";
		};
		F892A1BF289BF03E00C6AEC0 /* testUITests */ = {
			isa = PBXNativeTarget;
			buildConfigurationList = F892A1D0289BF03E00C6AEC0 /* Build configuration list for PBXNativeTarget "testUITests" */;
			buildPhases = (
				F892A1BC289BF03E00C6AEC0 /* Sources */,
				F892A1BD289BF03E00C6AEC0 /* Frameworks */,
				F892A1BE289BF03E00C6AEC0 /* Resources */,
			);
			buildRules = (
			);
			dependencies = (
				F892A1C2289BF03E00C6AEC0 /* PBXTargetDependency */,
			);
			name = testUITests;
			productName = testUITests;
			productReference = F892A1C0289BF03E00C6AEC0 /* testUITests.xctest */;
			productType = "com.apple.product-type.bundle.ui-testing";
		};
/* End PBXNativeTarget section */

/* Begin PBXProject section */
		F892A19E289BF03D00C6AEC0 /* Project object */ = {
			isa = PBXProject;
			attributes = {
				BuildIndependentTargetsInParallel = 1;
				LastSwiftUpdateCheck = 1340;
				LastUpgradeCheck = 1340;
				TargetAttributes = {
					F892A1A5289BF03D00C6AEC0 = {
						CreatedOnToolsVersion = 13.4.1;
					};
					F892A1B5289BF03E00C6AEC0 = {
						CreatedOnToolsVersion = 13.4.1;
						TestTargetID = F892A1A5289BF03D00C6AEC0;
					};
					F892A1BF289BF03E00C6AEC0 = {
						CreatedOnToolsVersion = 13.4.1;
						TestTargetID = F892A1A5289BF03D00C6AEC0;
					};
				};
			};
			buildConfigurationList = F892A1A1289BF03D00C6AEC0 /* Build configuration list for PBXProject "test" */;
			compatibilityVersion = "Xcode 13.0";
			developmentRegion = en;
			hasScannedForEncodings = 0;
			knownRegions = (
				en,
				Base,
			);
			mainGroup = F892A19D289BF03D00C6AEC0;
			productRefGroup = F892A1A7289BF03D00C6AEC0 /* Products */;
			projectDirPath = "";
			projectRoot = "";
			targets = (
				F892A1A5289BF03D00C6AEC0 /* test */,
				F892A1B5289BF03E00C6AEC0 /* testTests */,
				F892A1BF289BF03E00C6AEC0 /* testUITests */,
			);
		};
/* End PBXProject section */

/* Begin PBXResourcesBuildPhase section */
		F892A1A4289BF03D00C6AEC0 /* Resources */ = {
			isa = PBXResourcesBuildPhase;
			buildActionMask = 2147483647;
			files = (
				F892A1B1289BF03E00C6AEC0 /* Preview Assets.xcassets in Resources */,
				F892A1AE289BF03E00C6AEC0 /* Assets.xcassets in Resources */,
			);
			runOnlyForDeploymentPostprocessing = 0;
		};
		F892A1B4289BF03E00C6AEC0 /* Resources */ = {
			isa = PBXResourcesBuildPhase;
			buildActionMask = 2147483647;
			files = (
			);
			runOnlyForDeploymentPostprocessing = 0;
		};
		F892A1BE289BF03E00C6AEC0 /* Resources */ = {
			isa = PBXResourcesBuildPhase;
			buildActionMask = 2147483647;
			files = (
			);
			runOnlyForDeploymentPostprocessing = 0;
		};
/* End PBXResourcesBuildPhase section */

/* Begin PBXSourcesBuildPhase section */
		F892A1A2289BF03D00C6AEC0 /* Sources */ = {
			isa = PBXSourcesBuildPhase;
			buildActionMask = 2147483647;
			files = (
				F892A1AC289BF03D00C6AEC0 /* ContentView.swift in Sources */,
				F892A1AA289BF03D00C6AEC0 /* testApp.swift in Sources */,
			);
			runOnlyForDeploymentPostprocessing = 0;
		};
		F892A1B2289BF03E00C6AEC0 /* Sources */ = {
			isa = PBXSourcesBuildPhase;
			buildActionMask = 2147483647;
			files = (
				F892A1BB289BF03E00C6AEC0 /* testTests.swift in Sources */,
			);
			runOnlyForDeploymentPostprocessing = 0;
		};
		F892A1BC289BF03E00C6AEC0 /* Sources */ = {
			isa = PBXSourcesBuildPhase;
			buildActionMask = 2147483647;
			files = (
				F892A1C7289BF03E00C6AEC0 /* testUITestsLaunchTests.swift in Sources */,
				F892A1C5289BF03E00C6AEC0 /* testUITests.swift in Sources */,
			);
			runOnlyForDeploymentPostprocessing = 0;
		};
/* End PBXSourcesBuildPhase section */

/* Begin PBXTargetDependency section */
		F892A1B8289BF03E00C6AEC0 /* PBXTargetDependency */ = {
			isa = PBXTargetDependency;
			target = F892A1A5289BF03D00C6AEC0 /* test */;
			targetProxy = F892A1B7289BF03E00C6AEC0 /* PBXContainerItemProxy */;
		};
		F892A1C2289BF03E00C6AEC0 /* PBXTargetDependency */ = {
			isa = PBXTargetDependency;
			target = F892A1A5289BF03D00C6AEC0 /* test */;
			targetProxy = F892A1C1289BF03E00C6AEC0 /* PBXContainerItemProxy */;
		};
/* End PBXTargetDependency section */

/* Begin XCBuildConfiguration section */
		F892A1C8289BF03E00C6AEC0 /* Debug */ = {
			isa = XCBuildConfiguration;
			buildSettings = {
				ALWAYS_SEARCH_USER_PATHS = NO;
				CLANG_ANALYZER_NONNULL = YES;
				CLANG_ANALYZER_NUMBER_OBJECT_CONVERSION = YES_AGGRESSIVE;
				CLANG_CXX_LANGUAGE_STANDARD = "gnu++17";
				CLANG_ENABLE_MODULES = YES;
				CLANG_ENABLE_OBJC_ARC = YES;
				CLANG_ENABLE_OBJC_WEAK = YES;
				CLANG_WARN_BLOCK_CAPTURE_AUTORELEASING = YES;
				CLANG_WARN_BOOL_CONVERSION = YES;
				CLANG_WARN_COMMA = YES;
				CLANG_WARN_CONSTANT_CONVERSION = YES;
				CLANG_WARN_DEPRECATED_OBJC_IMPLEMENTATIONS = YES;
				CLANG_WARN_DIRECT_OBJC_ISA_USAGE = YES_ERROR;
				CLANG_WARN_DOCUMENTATION_COMMENTS = YES;
				CLANG_WARN_EMPTY_BODY = YES;
				CLANG_WARN_ENUM_CONVERSION = YES;
				CLANG_WARN_INFINITE_RECURSION = YES;
				CLANG_WARN_INT_CONVERSION = YES;
				CLANG_WARN_NON_LITERAL_NULL_CONVERSION = YES;
				CLANG_WARN_OBJC_IMPLICIT_RETAIN_SELF = YES;
				CLANG_WARN_OBJC_LITERAL_CONVERSION = YES;
				CLANG_WARN_OBJC_ROOT_CLASS = YES_ERROR;
				CLANG_WARN_QUOTED_INCLUDE_IN_FRAMEWORK_HEADER = YES;
				CLANG_WARN_RANGE_LOOP_ANALYSIS = YES;
				CLANG_WARN_STRICT_PROTOTYPES = YES;
				CLANG_WARN_SUSPICIOUS_MOVE = YES;
				CLANG_WARN_UNGUARDED_AVAILABILITY = YES_AGGRESSIVE;
				CLANG_WARN_UNREACHABLE_CODE = YES;
				CLANG_WARN__DUPLICATE_METHOD_MATCH = YES;
				COPY_PHASE_STRIP = NO;
				DEBUG_INFORMATION_FORMAT = dwarf;
				ENABLE_STRICT_OBJC_MSGSEND = YES;
				ENABLE_TESTABILITY = YES;
				GCC_C_LANGUAGE_STANDARD = gnu11;
				GCC_DYNAMIC_NO_PIC = NO;
				GCC_NO_COMMON_BLOCKS = YES;
				GCC_OPTIMIZATION_LEVEL = 0;
				GCC_PREPROCESSOR_DEFINITIONS = (
					"DEBUG=1",
					"$(inherited)",
				);
				GCC_WARN_64_TO_32_BIT_CONVERSION = YES;
				GCC_WARN_ABOUT_RETURN_TYPE = YES_ERROR;
				GCC_WARN_UNDECLARED_SELECTOR = YES;
				GCC_WARN_UNINITIALIZED_AUTOS = YES_AGGRESSIVE;
				GCC_WARN_UNUSED_FUNCTION = YES;
				GCC_WARN_UNUSED_VARIABLE = YES;
				IPHONEOS_DEPLOYMENT_TARGET = 15.5;
				MTL_ENABLE_DEBUG_INFO = INCLUDE_SOURCE;
				MTL_FAST_MATH = YES;
				ONLY_ACTIVE_ARCH = YES;
				SDKROOT = iphoneos;
				SWIFT_ACTIVE_COMPILATION_CONDITIONS = DEBUG;
				SWIFT_OPTIMIZATION_LEVEL = "-Onone";
			};
			name = Debug;
		};
		F892A1C9289BF03E00C6AEC0 /* Release */ = {
			isa = XCBuildConfiguration;
			buildSettings = {
				ALWAYS_SEARCH_USER_PATHS = NO;
				CLANG_ANALYZER_NONNULL = YES;
				CLANG_ANALYZER_NUMBER_OBJECT_CONVERSION = YES_AGGRESSIVE;
				CLANG_CXX_LANGUAGE_STANDARD = "gnu++17";
				CLANG_ENABLE_MODULES = YES;
				CLANG_ENABLE_OBJC_ARC = YES;
				CLANG_ENABLE_OBJC_WEAK = YES;
				CLANG_WARN_BLOCK_CAPTURE_AUTORELEASING = YES;
				CLANG_WARN_BOOL_CONVERSION = YES;
				CLANG_WARN_COMMA = YES;
				CLANG_WARN_CONSTANT_CONVERSION = YES;
				CLANG_WARN_DEPRECATED_OBJC_IMPLEMENTATIONS = YES;
				CLANG_WARN_DIRECT_OBJC_ISA_USAGE = YES_ERROR;
				CLANG_WARN_DOCUMENTATION_COMMENTS = YES;
				CLANG_WARN_EMPTY_BODY = YES;
				CLANG_WARN_ENUM_CONVERSION = YES;
				CLANG_WARN_INFINITE_RECURSION = YES;
				CLANG_WARN_INT_CONVERSION = YES;
				CLANG_WARN_NON_LITERAL_NULL_CONVERSION = YES;
				CLANG_WARN_OBJC_IMPLICIT_RETAIN_SELF = YES;
				CLANG_WARN_OBJC_LITERAL_CONVERSION = YES;
				CLANG_WARN_OBJC_ROOT_CLASS = YES_ERROR;
				CLANG_WARN_QUOTED_INCLUDE_IN_FRAMEWORK_HEADER = YES;
				CLANG_WARN_RANGE_LOOP_ANALYSIS = YES;
				CLANG_WARN_STRICT_PROTOTYPES = YES;
				CLANG_WARN_SUSPICIOUS_MOVE = YES;
				CLANG_WARN_UNGUARDED_AVAILABILITY = YES_AGGRESSIVE;
				CLANG_WARN_UNREACHABLE_CODE = YES;
				CLANG_WARN__DUPLICATE_METHOD_MATCH = YES;
				COPY_PHASE_STRIP = NO;
				DEBUG_INFORMATION_FORMAT = "dwarf-with-dsym";
				ENABLE_NS_ASSERTIONS = NO;
				ENABLE_STRICT_OBJC_MSGSEND = YES;
				GCC_C_LANGUAGE_STANDARD = gnu11;
				GCC_NO_COMMON_BLOCKS = YES;
				GCC_WARN_64_TO_32_BIT_CONVERSION = YES;
				GCC_WARN_ABOUT_RETURN_TYPE = YES_ERROR;
				GCC_WARN_UNDECLARED_SELECTOR = YES;
				GCC_WARN_UNINITIALIZED_AUTOS = YES_AGGRESSIVE;
				GCC_WARN_UNUSED_FUNCTION = YES;
				GCC_WARN_UNUSED_VARIABLE = YES;
				IPHONEOS_DEPLOYMENT_TARGET = 15.5;
				MTL_ENABLE_DEBUG_INFO = NO;
				MTL_FAST_MATH = YES;
				SDKROOT = iphoneos;
				SWIFT_COMPILATION_MODE = wholemodule;
				SWIFT_OPTIMIZATION_LEVEL = "-O";
				VALIDATE_PRODUCT = YES;
			};
			name = Release;
		};
		F892A1CB289BF03E00C6AEC0 /* Debug */ = {
			isa = XCBuildConfiguration;
			buildSettings = {
				ASSETCATALOG_COMPILER_APPICON_NAME = AppIcon;
				ASSETCATALOG_COMPILER_GLOBAL_ACCENT_COLOR_NAME = AccentColor;
				CODE_SIGN_STYLE = Automatic;
				CURRENT_PROJECT_VERSION = 1;
				DEVELOPMENT_ASSET_PATHS = "\"test/Preview Content\"";
				ENABLE_PREVIEWS = YES;
				GENERATE_INFOPLIST_FILE = YES;
				INFOPLIST_KEY_UIApplicationSceneManifest_Generation = YES;
				INFOPLIST_KEY_UIApplicationSupportsIndirectInputEvents = YES;
				INFOPLIST_KEY_UILaunchScreen_Generation = YES;
				INFOPLIST_KEY_UISupportedInterfaceOrientations_iPad = "UIInterfaceOrientationPortrait UIInterfaceOrientationPortraitUpsideDown UIInterfaceOrientationLandscapeLeft UIInterfaceOrientationLandscapeRight";
				INFOPLIST_KEY_UISupportedInterfaceOrientations_iPhone = "UIInterfaceOrientationPortrait UIInterfaceOrientationLandscapeLeft UIInterfaceOrientationLandscapeRight";
				LD_RUNPATH_SEARCH_PATHS = (
					"$(inherited)",
					"@executable_path/Frameworks",
				);
				MARKETING_VERSION = 1.0;
				PRODUCT_BUNDLE_IDENTIFIER = kwk.test;
				PRODUCT_NAME = "$(TARGET_NAME)";
				SWIFT_EMIT_LOC_STRINGS = YES;
				SWIFT_VERSION = 5.0;
				TARGETED_DEVICE_FAMILY = "1,2";
			};
			name = Debug;
		};
		F892A1CC289BF03E00C6AEC0 /* Release */ = {
			isa = XCBuildConfiguration;
			buildSettings = {
				ASSETCATALOG_COMPILER_APPICON_NAME = AppIcon;
				ASSETCATALOG_COMPILER_GLOBAL_ACCENT_COLOR_NAME = AccentColor;
				CODE_SIGN_STYLE = Automatic;
				CURRENT_PROJECT_VERSION = 1;
				DEVELOPMENT_ASSET_PATHS = "\"test/Preview Content\"";
				ENABLE_PREVIEWS = YES;
				GENERATE_INFOPLIST_FILE = YES;
				INFOPLIST_KEY_UIApplicationSceneManifest_Generation = YES;
				INFOPLIST_KEY_UIApplicationSupportsIndirectInputEvents = YES;
				INFOPLIST_KEY_UILaunchScreen_Generation = YES;
				INFOPLIST_KEY_UISupportedInterfaceOrientations_iPad = "UIInterfaceOrientationPortrait UIInterfaceOrientationPortraitUpsideDown UIInterfaceOrientationLandscapeLeft UIInterfaceOrientationLandscapeRight";
				INFOPLIST_KEY_UISupportedInterfaceOrientations_iPhone = "UIInterfaceOrientationPortrait UIInterfaceOrientationLandscapeLeft UIInterfaceOrientationLandscapeRight";
				LD_RUNPATH_SEARCH_PATHS = (
					"$(inherited)",
					"@executable_path/Frameworks",
				);
				MARKETING_VERSION = 1.0;
				PRODUCT_BUNDLE_IDENTIFIER = kwk.test;
				PRODUCT_NAME = "$(TARGET_NAME)";
				SWIFT_EMIT_LOC_STRINGS = YES;
				SWIFT_VERSION = 5.0;
				TARGETED_DEVICE_FAMILY = "1,2";
			};
			name = Release;
		};
		F892A1CE289BF03E00C6AEC0 /* Debug */ = {
			isa = XCBuildConfiguration;
			buildSettings = {
				ALWAYS_EMBED_SWIFT_STANDARD_LIBRARIES = YES;
				BUNDLE_LOADER = "$(TEST_HOST)";
				CODE_SIGN_STYLE = Automatic;
				CURRENT_PROJECT_VERSION = 1;
				GENERATE_INFOPLIST_FILE = YES;
				IPHONEOS_DEPLOYMENT_TARGET = 15.5;
				MARKETING_VERSION = 1.0;
				PRODUCT_BUNDLE_IDENTIFIER = kwk.testTests;
				PRODUCT_NAME = "$(TARGET_NAME)";
				SWIFT_EMIT_LOC_STRINGS = NO;
				SWIFT_VERSION = 5.0;
				TARGETED_DEVICE_FAMILY = "1,2";
				TEST_HOST = "$(BUILT_PRODUCTS_DIR)/test.app/test";
			};
			name = Debug;
		};
		F892A1CF289BF03E00C6AEC0 /* Release */ = {
			isa = XCBuildConfiguration;
			buildSettings = {
				ALWAYS_EMBED_SWIFT_STANDARD_LIBRARIES = YES;
				BUNDLE_LOADER = "$(TEST_HOST)";
				CODE_SIGN_STYLE = Automatic;
				CURRENT_PROJECT_VERSION = 1;
				GENERATE_INFOPLIST_FILE = YES;
				IPHONEOS_DEPLOYMENT_TARGET = 15.5;
				MARKETING_VERSION = 1.0;
				PRODUCT_BUNDLE_IDENTIFIER = kwk.testTests;
				PRODUCT_NAME = "$(TARGET_NAME)";
				SWIFT_EMIT_LOC_STRINGS = NO;
				SWIFT_VERSION = 5.0;
				TARGETED_DEVICE_FAMILY = "1,2";
				TEST_HOST = "$(BUILT_PRODUCTS_DIR)/test.app/test";
			};
			name = Release;
		};
		F892A1D1289BF03E00C6AEC0 /* Debug */ = {
			isa = XCBuildConfiguration;
			buildSettings = {
				ALWAYS_EMBED_SWIFT_STANDARD_LIBRARIES = YES;
				CODE_SIGN_STYLE = Automatic;
				CURRENT_PROJECT_VERSION = 1;
				GENERATE_INFOPLIST_FILE = YES;
				MARKETING_VERSION = 1.0;
				PRODUCT_BUNDLE_IDENTIFIER = kwk.testUITests;
				PRODUCT_NAME = "$(TARGET_NAME)";
				SWIFT_EMIT_LOC_STRINGS = NO;
				SWIFT_VERSION = 5.0;
				TARGETED_DEVICE_FAMILY = "1,2";
				TEST_TARGET_NAME = test;
			};
			name = Debug;
		};
		F892A1D2289BF03E00C6AEC0 /* Release */ = {
			isa = XCBuildConfiguration;
			buildSettings = {
				ALWAYS_EMBED_SWIFT_STANDARD_LIBRARIES = YES;
				CODE_SIGN_STYLE = Automatic;
				CURRENT_PROJECT_VERSION = 1;
				GENERATE_INFOPLIST_FILE = YES;
				MARKETING_VERSION = 1.0;
				PRODUCT_BUNDLE_IDENTIFIER = kwk.testUITests;
				PRODUCT_NAME = "$(TARGET_NAME)";
				SWIFT_EMIT_LOC_STRINGS = NO;
				SWIFT_VERSION = 5.0;
				TARGETED_DEVICE_FAMILY = "1,2";
				TEST_TARGET_NAME = test;
			};
			name = Release;
		};
/* End XCBuildConfiguration section */

/* Begin XCConfigurationList section */
		F892A1A1289BF03D00C6AEC0 /* Build configuration list for PBXProject "test" */ = {
			isa = XCConfigurationList;
			buildConfigurations = (
				F892A1C8289BF03E00C6AEC0 /* Debug */,
				F892A1C9289BF03E00C6AEC0 /* Release */,
			);
			defaultConfigurationIsVisible = 0;
			defaultConfigurationName = Release;
		};
		F892A1CA289BF03E00C6AEC0 /* Build configuration list for PBXNativeTarget "test" */ = {
			isa = XCConfigurationList;
			buildConfigurations = (
				F892A1CB289BF03E00C6AEC0 /* Debug */,
				F892A1CC289BF03E00C6AEC0 /* Release */,
			);
			defaultConfigurationIsVisible = 0;
			defaultConfigurationName = Release;
		};
		F892A1CD289BF03E00C6AEC0 /* Build configuration list for PBXNativeTarget "testTests" */ = {
			isa = XCConfigurationList;
			buildConfigurations = (
				F892A1CE289BF03E00C6AEC0 /* Debug */,
				F892A1CF289BF03E00C6AEC0 /* Release */,
			);
			defaultConfigurationIsVisible = 0;
			defaultConfigurationName = Release;
		};
		F892A1D0289BF03E00C6AEC0 /* Build configuration list for PBXNativeTarget "testUITests" */ = {
			isa = XCConfigurationList;
			buildConfigurations = (
				F892A1D1289BF03E00C6AEC0 /* Debug */,
				F892A1D2289BF03E00C6AEC0 /* Release */,
			);
			defaultConfigurationIsVisible = 0;
			defaultConfigurationName = Release;
		};
/* End XCConfigurationList section */
	};
	rootObject = F892A19E289BF03D00C6AEC0 /* Project object */;
}
